{
  "version": 4,
  "terraform_version": "1.1.9",
  "serial": 10,
  "lineage": "a77d1fe0-c2fc-2edf-d6ef-2855939be697",
  "outputs": {},
  "resources": [
    {
      "module": "module.azlab",
      "mode": "managed",
      "type": "azurerm_linux_virtual_machine",
      "name": "labVM1",
      "provider": "module.azlab.provider[\"registry.terraform.io/hashicorp/azurerm\"]",
      "instances": [
        {
          "schema_version": 0,
          "attributes": {
            "additional_capabilities": [],
            "admin_password": null,
            "admin_ssh_key": [
              {
                "public_key": "ssh-rsa AAAAB3NzaC1yc2EAAAADAQABAAABgQDosJugxmMGaVOpZCrk3YnqEyEA21+cd09n+igK54a5EW9M6NUk5DcYcnNizzM7JUFBl8cTjYzmuik4TdMq8DU6D79rw9NTMS86hVIZjnDrDaXJK9f5AQmT8LQl3UCyvG9Vx8QyrUPczPTIVBZlaapId6MzX18TtiubHVapS6nqB8naX6RXbMIDNPenHwTQQLmFbnqK7w+1aQ6O3YgE2II/oEk1HMCb4Pa6Hi8qNWSOXzF8b/OZInUVH+AGVts8qndP/amcDQQZSWVXfMaGpBeefz5PdTYzdGbCwMKdf98Tl1wVQ+0yUI/UIgpwAgovAWLkoGi1VyBWaF5IkmNOOwV9qVsNUVvf23lcZoDDB0Zs3n7yKHJjtDCGXi+6ag/IMvVFJKtR+dHiNBr084vIO29l/r9l9CfgqQ0i1mvS8mztLSO/WITrsm+x30QubnGpR9KdebEy0PlAMa4c1tzYbgt0fuXxTp/uHe58luHimPPYsLAIVpf+xFazCfJmkdcBZZ8= mbrugnon@drz400\n",
                "username": "tform"
              }
            ],
            "admin_username": "tform",
            "allow_extension_operations": true,
            "availability_set_id": "",
            "boot_diagnostics": [],
            "computer_name": "labVM1",
            "custom_data": null,
            "dedicated_host_group_id": "",
            "dedicated_host_id": "",
            "disable_password_authentication": true,
            "encryption_at_host_enabled": false,
            "eviction_policy": "",
            "extensions_time_budget": "PT1H30M",
            "id": "/subscriptions/6b31f58a-a746-474c-9cf0-26e8116e1a79/resourceGroups/rg-temp-lab/providers/Microsoft.Compute/virtualMachines/labVM1",
            "identity": [],
            "license_type": "",
            "location": "eastus",
            "max_bid_price": -1,
            "name": "labVM1",
            "network_interface_ids": [
              "/subscriptions/6b31f58a-a746-474c-9cf0-26e8116e1a79/resourceGroups/rg-temp-lab/providers/Microsoft.Network/networkInterfaces/nic1-temp-lab"
            ],
            "os_disk": [
              {
                "caching": "None",
                "diff_disk_settings": [],
                "disk_encryption_set_id": "",
                "disk_size_gb": 30,
                "name": "labVM1_OsDisk_1_d67cf54e039244a88b15279472555585",
                "storage_account_type": "Standard_LRS",
                "write_accelerator_enabled": false
              }
            ],
            "patch_mode": "ImageDefault",
            "plan": [],
            "platform_fault_domain": -1,
            "priority": "Regular",
            "private_ip_address": "172.1.1.4",
            "private_ip_addresses": [
              "172.1.1.4"
            ],
            "provision_vm_agent": true,
            "proximity_placement_group_id": "",
            "public_ip_address": "",
            "public_ip_addresses": [],
            "resource_group_name": "rg-temp-lab",
            "secret": [],
            "secure_boot_enabled": false,
            "size": "Standard_B1s",
            "source_image_id": "",
            "source_image_reference": [
              {
                "offer": "UbuntuServer",
                "publisher": "Canonical",
                "sku": "18.04-LTS",
                "version": "latest"
              }
            ],
            "tags": null,
            "timeouts": null,
            "user_data": "",
            "virtual_machine_id": "e71533a1-d4e2-45c4-9664-252b3901ae48",
            "virtual_machine_scale_set_id": "",
            "vtpm_enabled": false,
            "zone": ""
          },
          "sensitive_attributes": [],
          "private": "eyJlMmJmYjczMC1lY2FhLTExZTYtOGY4OC0zNDM2M2JjN2M0YzAiOnsiY3JlYXRlIjoyNzAwMDAwMDAwMDAwLCJkZWxldGUiOjI3MDAwMDAwMDAwMDAsInJlYWQiOjMwMDAwMDAwMDAwMCwidXBkYXRlIjoyNzAwMDAwMDAwMDAwfX0=",
          "dependencies": [
            "module.azlab.azurerm_network_interface.nic1-temp-lab",
            "module.azlab.azurerm_resource_group.rg-temp-lab"
          ]
        }
      ]
    },
    {
      "module": "module.azlab",
      "mode": "managed",
      "type": "azurerm_network_interface",
      "name": "nic1-temp-lab",
      "provider": "module.azlab.provider[\"registry.terraform.io/hashicorp/azurerm\"]",
      "instances": [
        {
          "schema_version": 0,
          "attributes": {
            "applied_dns_servers": [],
            "dns_servers": [],
            "enable_accelerated_networking": false,
            "enable_ip_forwarding": false,
            "id": "/subscriptions/6b31f58a-a746-474c-9cf0-26e8116e1a79/resourceGroups/rg-temp-lab/providers/Microsoft.Network/networkInterfaces/nic1-temp-lab",
            "internal_dns_name_label": "",
            "internal_domain_name_suffix": "gdortspcvm1ufde2jbzzcu0yxh.bx.internal.cloudapp.net",
            "ip_configuration": [
              {
                "gateway_load_balancer_frontend_ip_configuration_id": "",
                "name": "ip-temp-lab",
                "primary": true,
                "private_ip_address": "172.1.1.4",
                "private_ip_address_allocation": "Dynamic",
                "private_ip_address_version": "IPv4",
                "public_ip_address_id": "",
                "subnet_id": "/subscriptions/6b31f58a-a746-474c-9cf0-26e8116e1a79/resourceGroups/rg-temp-lab/providers/Microsoft.Network/virtualNetworks/vnet-temp-lab/subnets/snet1-temp-lab"
              }
            ],
            "location": "eastus",
            "mac_address": "",
            "name": "nic1-temp-lab",
            "private_ip_address": "172.1.1.4",
            "private_ip_addresses": [
              "172.1.1.4"
            ],
            "resource_group_name": "rg-temp-lab",
            "tags": {},
            "timeouts": null,
            "virtual_machine_id": ""
          },
          "sensitive_attributes": [],
          "private": "eyJlMmJmYjczMC1lY2FhLTExZTYtOGY4OC0zNDM2M2JjN2M0YzAiOnsiY3JlYXRlIjoxODAwMDAwMDAwMDAwLCJkZWxldGUiOjE4MDAwMDAwMDAwMDAsInJlYWQiOjMwMDAwMDAwMDAwMCwidXBkYXRlIjoxODAwMDAwMDAwMDAwfX0=",
          "dependencies": [
            "module.azlab.azurerm_resource_group.rg-temp-lab",
            "module.azlab.azurerm_subnet.snet-temp-lab",
            "module.azlab.azurerm_virtual_network.vnet-temp-lab"
          ]
        }
      ]
    },
    {
      "module": "module.azlab",
      "mode": "managed",
      "type": "azurerm_network_interface_security_group_association",
      "name": "nsgassoc-temp-lab",
      "provider": "module.azlab.provider[\"registry.terraform.io/hashicorp/azurerm\"]",
      "instances": [
        {
          "schema_version": 0,
          "attributes": {
            "id": "/subscriptions/6b31f58a-a746-474c-9cf0-26e8116e1a79/resourceGroups/rg-temp-lab/providers/Microsoft.Network/networkInterfaces/nic1-temp-lab|/subscriptions/6b31f58a-a746-474c-9cf0-26e8116e1a79/resourceGroups/rg-temp-lab/providers/Microsoft.Network/networkSecurityGroups/nsg-temp-lab",
            "network_interface_id": "/subscriptions/6b31f58a-a746-474c-9cf0-26e8116e1a79/resourceGroups/rg-temp-lab/providers/Microsoft.Network/networkInterfaces/nic1-temp-lab",
            "network_security_group_id": "/subscriptions/6b31f58a-a746-474c-9cf0-26e8116e1a79/resourceGroups/rg-temp-lab/providers/Microsoft.Network/networkSecurityGroups/nsg-temp-lab",
            "timeouts": null
          },
          "sensitive_attributes": [],
          "private": "eyJlMmJmYjczMC1lY2FhLTExZTYtOGY4OC0zNDM2M2JjN2M0YzAiOnsiY3JlYXRlIjoxODAwMDAwMDAwMDAwLCJkZWxldGUiOjE4MDAwMDAwMDAwMDAsInJlYWQiOjMwMDAwMDAwMDAwMCwidXBkYXRlIjoxODAwMDAwMDAwMDAwfX0=",
          "dependencies": [
            "module.azlab.azurerm_network_interface.nic1-temp-lab",
            "module.azlab.azurerm_network_security_group.nsg-temp-lab",
            "module.azlab.azurerm_resource_group.rg-temp-lab",
            "module.azlab.azurerm_subnet.snet-temp-lab",
            "module.azlab.azurerm_virtual_network.vnet-temp-lab"
          ]
        }
      ]
    },
    {
      "module": "module.azlab",
      "mode": "managed",
      "type": "azurerm_network_security_group",
      "name": "nsg-temp-lab",
      "provider": "module.azlab.provider[\"registry.terraform.io/hashicorp/azurerm\"]",
      "instances": [
        {
          "schema_version": 0,
          "attributes": {
            "id": "/subscriptions/6b31f58a-a746-474c-9cf0-26e8116e1a79/resourceGroups/rg-temp-lab/providers/Microsoft.Network/networkSecurityGroups/nsg-temp-lab",
            "location": "eastus",
            "name": "nsg-temp-lab",
            "resource_group_name": "rg-temp-lab",
            "security_rule": [],
            "tags": {},
            "timeouts": null
          },
          "sensitive_attributes": [],
          "private": "eyJlMmJmYjczMC1lY2FhLTExZTYtOGY4OC0zNDM2M2JjN2M0YzAiOnsiY3JlYXRlIjoxODAwMDAwMDAwMDAwLCJkZWxldGUiOjE4MDAwMDAwMDAwMDAsInJlYWQiOjMwMDAwMDAwMDAwMCwidXBkYXRlIjoxODAwMDAwMDAwMDAwfX0=",
          "dependencies": [
            "module.azlab.azurerm_resource_group.rg-temp-lab"
          ]
        }
      ]
    },
    {
      "module": "module.azlab",
      "mode": "managed",
      "type": "azurerm_resource_group",
      "name": "rg-temp-lab",
      "provider": "module.azlab.provider[\"registry.terraform.io/hashicorp/azurerm\"]",
      "instances": [
        {
          "schema_version": 0,
          "attributes": {
            "id": "/subscriptions/6b31f58a-a746-474c-9cf0-26e8116e1a79/resourceGroups/rg-temp-lab",
            "location": "eastus",
            "name": "rg-temp-lab",
            "tags": {},
            "timeouts": null
          },
          "sensitive_attributes": [],
          "private": "eyJlMmJmYjczMC1lY2FhLTExZTYtOGY4OC0zNDM2M2JjN2M0YzAiOnsiY3JlYXRlIjo1NDAwMDAwMDAwMDAwLCJkZWxldGUiOjU0MDAwMDAwMDAwMDAsInJlYWQiOjMwMDAwMDAwMDAwMCwidXBkYXRlIjo1NDAwMDAwMDAwMDAwfX0="
        }
      ]
    },
    {
      "module": "module.azlab",
      "mode": "managed",
      "type": "azurerm_subnet",
      "name": "snet-temp-lab",
      "provider": "module.azlab.provider[\"registry.terraform.io/hashicorp/azurerm\"]",
      "instances": [
        {
          "schema_version": 0,
          "attributes": {
            "address_prefix": "172.1.1.0/24",
            "address_prefixes": [
              "172.1.1.0/24"
            ],
            "delegation": [],
            "enforce_private_link_endpoint_network_policies": false,
            "enforce_private_link_service_network_policies": false,
            "id": "/subscriptions/6b31f58a-a746-474c-9cf0-26e8116e1a79/resourceGroups/rg-temp-lab/providers/Microsoft.Network/virtualNetworks/vnet-temp-lab/subnets/snet1-temp-lab",
            "name": "snet1-temp-lab",
            "resource_group_name": "rg-temp-lab",
            "service_endpoint_policy_ids": [],
            "service_endpoints": [],
            "timeouts": null,
            "virtual_network_name": "vnet-temp-lab"
          },
          "sensitive_attributes": [],
          "private": "eyJlMmJmYjczMC1lY2FhLTExZTYtOGY4OC0zNDM2M2JjN2M0YzAiOnsiY3JlYXRlIjoxODAwMDAwMDAwMDAwLCJkZWxldGUiOjE4MDAwMDAwMDAwMDAsInJlYWQiOjMwMDAwMDAwMDAwMCwidXBkYXRlIjoxODAwMDAwMDAwMDAwfX0=",
          "dependencies": [
            "module.azlab.azurerm_resource_group.rg-temp-lab",
            "module.azlab.azurerm_virtual_network.vnet-temp-lab"
          ]
        }
      ]
    },
    {
      "module": "module.azlab",
      "mode": "managed",
      "type": "azurerm_virtual_network",
      "name": "vnet-temp-lab",
      "provider": "module.azlab.provider[\"registry.terraform.io/hashicorp/azurerm\"]",
      "instances": [
        {
          "schema_version": 0,
          "attributes": {
            "address_space": [
              "172.1.0.0/16"
            ],
            "bgp_community": "",
            "ddos_protection_plan": [],
            "dns_servers": [],
            "flow_timeout_in_minutes": 0,
            "guid": "c919dd30-abe2-4237-8c9c-4873915358bf",
            "id": "/subscriptions/6b31f58a-a746-474c-9cf0-26e8116e1a79/resourceGroups/rg-temp-lab/providers/Microsoft.Network/virtualNetworks/vnet-temp-lab",
            "location": "eastus",
            "name": "vnet-temp-lab",
            "resource_group_name": "rg-temp-lab",
            "subnet": [
              {
                "address_prefix": "172.1.1.0/24",
                "id": "/subscriptions/6b31f58a-a746-474c-9cf0-26e8116e1a79/resourceGroups/rg-temp-lab/providers/Microsoft.Network/virtualNetworks/vnet-temp-lab/subnets/snet1-temp-lab",
                "name": "snet1-temp-lab",
                "security_group": ""
              }
            ],
            "tags": {},
            "timeouts": null,
            "vm_protection_enabled": false
          },
          "sensitive_attributes": [],
          "private": "eyJlMmJmYjczMC1lY2FhLTExZTYtOGY4OC0zNDM2M2JjN2M0YzAiOnsiY3JlYXRlIjoxODAwMDAwMDAwMDAwLCJkZWxldGUiOjE4MDAwMDAwMDAwMDAsInJlYWQiOjMwMDAwMDAwMDAwMCwidXBkYXRlIjoxODAwMDAwMDAwMDAwfX0=",
          "dependencies": [
            "module.azlab.azurerm_resource_group.rg-temp-lab"
          ]
        }
      ]
    }
  ]
}
